
Microsoft Visual Studio Solution File, Format Version 12.00
# Visual Studio Version 17
VisualStudioVersion = 17.9.34902.65
MinimumVisualStudioVersion = 10.0.40219.1
Project("{2150E333-8FDC-42A3-9474-1A3956D46DE8}") = "Creational", "Creational", "{A0187FAF-25EF-4214-8101-9632D8236238}"
EndProject
Project("{2150E333-8FDC-42A3-9474-1A3956D46DE8}") = "Structural", "Structural", "{963426CB-8F58-421A-A5BE-07A4C70D2FB4}"
EndProject
Project("{2150E333-8FDC-42A3-9474-1A3956D46DE8}") = "Behavioral", "Behavioral", "{34B16D37-9B97-4A6A-83BE-182E0790FCEE}"
EndProject
Project("{9A19103F-16F7-4668-BE54-9A1E7A4F7556}") = "FactoryMethod", "Creational\FactoryMethod\FactoryMethod.csproj", "{1A9457A9-730B-4213-847A-949DB9BC50B9}"
EndProject
Project("{9A19103F-16F7-4668-BE54-9A1E7A4F7556}") = "AbstractFactory", "Creational\AbstractFactory\AbstractFactory.csproj", "{D886B558-BF5A-40B4-BA37-29019D9D057B}"
EndProject
Project("{9A19103F-16F7-4668-BE54-9A1E7A4F7556}") = "Singleton", "Creational\Singleton\Singleton.csproj", "{CD8E3D47-56E0-4B6D-8E28-FD6F574C3D54}"
EndProject
Project("{9A19103F-16F7-4668-BE54-9A1E7A4F7556}") = "Builder", "Creational\Builder\Builder.csproj", "{C27D2AFF-C503-401E-9CF2-4B7C16EA9F15}"
EndProject
Project("{9A19103F-16F7-4668-BE54-9A1E7A4F7556}") = "Prototype", "Creational\Prototype\Prototype.csproj", "{BA8172BE-F5CE-4E2C-85F4-E1E017EF45A5}"
EndProject
Project("{9A19103F-16F7-4668-BE54-9A1E7A4F7556}") = "Adapter", "Structural\Adapter\Adapter.csproj", "{BA55EABF-F9AB-4A39-A3FD-9EA528F33784}"
EndProject
Project("{9A19103F-16F7-4668-BE54-9A1E7A4F7556}") = "Bridge", "Structural\Bridge\Bridge.csproj", "{B6A1C1FC-9667-42DB-B9BB-D4EC24E1A952}"
EndProject
Project("{9A19103F-16F7-4668-BE54-9A1E7A4F7556}") = "Composite", "Structural\Composite\Composite.csproj", "{86FD170C-61D1-4C21-B046-50684C303D1F}"
EndProject
Project("{9A19103F-16F7-4668-BE54-9A1E7A4F7556}") = "Decorator", "Structural\Decorator\Decorator.csproj", "{C9D1C80E-570A-4D93-B09D-6E706843AE56}"
EndProject
Project("{9A19103F-16F7-4668-BE54-9A1E7A4F7556}") = "Proxy", "Structural\Proxy\Proxy.csproj", "{B676D71B-91E0-4568-AD87-AA4298CE011D}"
EndProject
Project("{FAE04EC0-301F-11D3-BF4B-00C04F79EFBC}") = "Facade", "Structural\Facade\Facade.csproj", "{472B3C4E-6C58-46B3-A77E-07061DB2D0B1}"
EndProject
Project("{FAE04EC0-301F-11D3-BF4B-00C04F79EFBC}") = "ChainOfResponsibility", "Behavioral\ChainOfResponsibility\ChainOfResponsibility.csproj", "{D905CFBE-7B65-49E5-B75D-6CD4528BBEB4}"
EndProject
Global
	GlobalSection(SolutionConfigurationPlatforms) = preSolution
		Debug|Any CPU = Debug|Any CPU
		Release|Any CPU = Release|Any CPU
	EndGlobalSection
	GlobalSection(ProjectConfigurationPlatforms) = postSolution
		{1A9457A9-730B-4213-847A-949DB9BC50B9}.Debug|Any CPU.ActiveCfg = Debug|Any CPU
		{1A9457A9-730B-4213-847A-949DB9BC50B9}.Debug|Any CPU.Build.0 = Debug|Any CPU
		{1A9457A9-730B-4213-847A-949DB9BC50B9}.Release|Any CPU.ActiveCfg = Release|Any CPU
		{1A9457A9-730B-4213-847A-949DB9BC50B9}.Release|Any CPU.Build.0 = Release|Any CPU
		{D886B558-BF5A-40B4-BA37-29019D9D057B}.Debug|Any CPU.ActiveCfg = Debug|Any CPU
		{D886B558-BF5A-40B4-BA37-29019D9D057B}.Debug|Any CPU.Build.0 = Debug|Any CPU
		{D886B558-BF5A-40B4-BA37-29019D9D057B}.Release|Any CPU.ActiveCfg = Release|Any CPU
		{D886B558-BF5A-40B4-BA37-29019D9D057B}.Release|Any CPU.Build.0 = Release|Any CPU
		{CD8E3D47-56E0-4B6D-8E28-FD6F574C3D54}.Debug|Any CPU.ActiveCfg = Debug|Any CPU
		{CD8E3D47-56E0-4B6D-8E28-FD6F574C3D54}.Debug|Any CPU.Build.0 = Debug|Any CPU
		{CD8E3D47-56E0-4B6D-8E28-FD6F574C3D54}.Release|Any CPU.ActiveCfg = Release|Any CPU
		{CD8E3D47-56E0-4B6D-8E28-FD6F574C3D54}.Release|Any CPU.Build.0 = Release|Any CPU
		{C27D2AFF-C503-401E-9CF2-4B7C16EA9F15}.Debug|Any CPU.ActiveCfg = Debug|Any CPU
		{C27D2AFF-C503-401E-9CF2-4B7C16EA9F15}.Debug|Any CPU.Build.0 = Debug|Any CPU
		{C27D2AFF-C503-401E-9CF2-4B7C16EA9F15}.Release|Any CPU.ActiveCfg = Release|Any CPU
		{C27D2AFF-C503-401E-9CF2-4B7C16EA9F15}.Release|Any CPU.Build.0 = Release|Any CPU
		{BA8172BE-F5CE-4E2C-85F4-E1E017EF45A5}.Debug|Any CPU.ActiveCfg = Debug|Any CPU
		{BA8172BE-F5CE-4E2C-85F4-E1E017EF45A5}.Debug|Any CPU.Build.0 = Debug|Any CPU
		{BA8172BE-F5CE-4E2C-85F4-E1E017EF45A5}.Release|Any CPU.ActiveCfg = Release|Any CPU
		{BA8172BE-F5CE-4E2C-85F4-E1E017EF45A5}.Release|Any CPU.Build.0 = Release|Any CPU
		{BA55EABF-F9AB-4A39-A3FD-9EA528F33784}.Debug|Any CPU.ActiveCfg = Debug|Any CPU
		{BA55EABF-F9AB-4A39-A3FD-9EA528F33784}.Debug|Any CPU.Build.0 = Debug|Any CPU
		{BA55EABF-F9AB-4A39-A3FD-9EA528F33784}.Release|Any CPU.ActiveCfg = Release|Any CPU
		{BA55EABF-F9AB-4A39-A3FD-9EA528F33784}.Release|Any CPU.Build.0 = Release|Any CPU
		{B6A1C1FC-9667-42DB-B9BB-D4EC24E1A952}.Debug|Any CPU.ActiveCfg = Debug|Any CPU
		{B6A1C1FC-9667-42DB-B9BB-D4EC24E1A952}.Debug|Any CPU.Build.0 = Debug|Any CPU
		{B6A1C1FC-9667-42DB-B9BB-D4EC24E1A952}.Release|Any CPU.ActiveCfg = Release|Any CPU
		{B6A1C1FC-9667-42DB-B9BB-D4EC24E1A952}.Release|Any CPU.Build.0 = Release|Any CPU
		{86FD170C-61D1-4C21-B046-50684C303D1F}.Debug|Any CPU.ActiveCfg = Debug|Any CPU
		{86FD170C-61D1-4C21-B046-50684C303D1F}.Debug|Any CPU.Build.0 = Debug|Any CPU
		{86FD170C-61D1-4C21-B046-50684C303D1F}.Release|Any CPU.ActiveCfg = Release|Any CPU
		{86FD170C-61D1-4C21-B046-50684C303D1F}.Release|Any CPU.Build.0 = Release|Any CPU
		{C9D1C80E-570A-4D93-B09D-6E706843AE56}.Debug|Any CPU.ActiveCfg = Debug|Any CPU
		{C9D1C80E-570A-4D93-B09D-6E706843AE56}.Debug|Any CPU.Build.0 = Debug|Any CPU
		{C9D1C80E-570A-4D93-B09D-6E706843AE56}.Release|Any CPU.ActiveCfg = Release|Any CPU
		{C9D1C80E-570A-4D93-B09D-6E706843AE56}.Release|Any CPU.Build.0 = Release|Any CPU
		{B676D71B-91E0-4568-AD87-AA4298CE011D}.Debug|Any CPU.ActiveCfg = Debug|Any CPU
		{B676D71B-91E0-4568-AD87-AA4298CE011D}.Debug|Any CPU.Build.0 = Debug|Any CPU
		{B676D71B-91E0-4568-AD87-AA4298CE011D}.Release|Any CPU.ActiveCfg = Release|Any CPU
		{B676D71B-91E0-4568-AD87-AA4298CE011D}.Release|Any CPU.Build.0 = Release|Any CPU
		{472B3C4E-6C58-46B3-A77E-07061DB2D0B1}.Debug|Any CPU.ActiveCfg = Debug|Any CPU
		{472B3C4E-6C58-46B3-A77E-07061DB2D0B1}.Debug|Any CPU.Build.0 = Debug|Any CPU
		{472B3C4E-6C58-46B3-A77E-07061DB2D0B1}.Release|Any CPU.ActiveCfg = Release|Any CPU
		{472B3C4E-6C58-46B3-A77E-07061DB2D0B1}.Release|Any CPU.Build.0 = Release|Any CPU
		{D905CFBE-7B65-49E5-B75D-6CD4528BBEB4}.Debug|Any CPU.ActiveCfg = Debug|Any CPU
		{D905CFBE-7B65-49E5-B75D-6CD4528BBEB4}.Debug|Any CPU.Build.0 = Debug|Any CPU
		{D905CFBE-7B65-49E5-B75D-6CD4528BBEB4}.Release|Any CPU.ActiveCfg = Release|Any CPU
		{D905CFBE-7B65-49E5-B75D-6CD4528BBEB4}.Release|Any CPU.Build.0 = Release|Any CPU
	EndGlobalSection
	GlobalSection(SolutionProperties) = preSolution
		HideSolutionNode = FALSE
	EndGlobalSection
	GlobalSection(NestedProjects) = preSolution
		{1A9457A9-730B-4213-847A-949DB9BC50B9} = {A0187FAF-25EF-4214-8101-9632D8236238}
		{D886B558-BF5A-40B4-BA37-29019D9D057B} = {A0187FAF-25EF-4214-8101-9632D8236238}
		{CD8E3D47-56E0-4B6D-8E28-FD6F574C3D54} = {A0187FAF-25EF-4214-8101-9632D8236238}
		{C27D2AFF-C503-401E-9CF2-4B7C16EA9F15} = {A0187FAF-25EF-4214-8101-9632D8236238}
		{BA8172BE-F5CE-4E2C-85F4-E1E017EF45A5} = {A0187FAF-25EF-4214-8101-9632D8236238}
		{BA55EABF-F9AB-4A39-A3FD-9EA528F33784} = {963426CB-8F58-421A-A5BE-07A4C70D2FB4}
		{B6A1C1FC-9667-42DB-B9BB-D4EC24E1A952} = {963426CB-8F58-421A-A5BE-07A4C70D2FB4}
		{86FD170C-61D1-4C21-B046-50684C303D1F} = {963426CB-8F58-421A-A5BE-07A4C70D2FB4}
		{C9D1C80E-570A-4D93-B09D-6E706843AE56} = {963426CB-8F58-421A-A5BE-07A4C70D2FB4}
		{B676D71B-91E0-4568-AD87-AA4298CE011D} = {963426CB-8F58-421A-A5BE-07A4C70D2FB4}
		{472B3C4E-6C58-46B3-A77E-07061DB2D0B1} = {963426CB-8F58-421A-A5BE-07A4C70D2FB4}
		{D905CFBE-7B65-49E5-B75D-6CD4528BBEB4} = {34B16D37-9B97-4A6A-83BE-182E0790FCEE}
	EndGlobalSection
	GlobalSection(ExtensibilityGlobals) = postSolution
		SolutionGuid = {289838DA-73F5-4AA3-8143-7C630B15440E}
	EndGlobalSection
EndGlobal
